{
  "name": "react-playground",
  "version": "1.0.0",
  "lockfileVersion": 3,
  "requires": true,
  "packages": {
    "": {
      "name": "react-playground",
      "version": "1.0.0",
      "license": "MIT",
      "workspaces": [
        "examples"
      ]
    },
    "examples": {
      "version": "1.0.0",
      "license": "MIT"
    },
    "node_modules/examples": {
      "resolved": "examples",
      "link": true
    }
  }
}
